
Microsoft Visual Studio Solution File, Format Version 12.00
# Visual Studio Version 17
VisualStudioVersion = 17.3.32825.248
MinimumVisualStudioVersion = 10.0.40219.1
Project("{FAE04EC0-301F-11D3-BF4B-00C04F79EFBC}") = "Dictionary e SortedDictionary", "Dictionary e SortedDictionary\Dictionary e SortedDictionary.csproj", "{46D6FFCE-D08A-482E-A315-2AB77F59B930}"
EndProject
Global
	GlobalSection(SolutionConfigurationPlatforms) = preSolution
		Debug|Any CPU = Debug|Any CPU
		Release|Any CPU = Release|Any CPU
	EndGlobalSection
	GlobalSection(ProjectConfigurationPlatforms) = postSolution
		{46D6FFCE-D08A-482E-A315-2AB77F59B930}.Debug|Any CPU.ActiveCfg = Debug|Any CPU
		{46D6FFCE-D08A-482E-A315-2AB77F59B930}.Debug|Any CPU.Build.0 = Debug|Any CPU
		{46D6FFCE-D08A-482E-A315-2AB77F59B930}.Release|Any CPU.ActiveCfg = Release|Any CPU
		{46D6FFCE-D08A-482E-A315-2AB77F59B930}.Release|Any CPU.Build.0 = Release|Any CPU
	EndGlobalSection
	GlobalSection(SolutionProperties) = preSolution
		HideSolutionNode = FALSE
	EndGlobalSection
	GlobalSection(ExtensibilityGlobals) = postSolution
		SolutionGuid = {1D69BA07-554B-443C-AD09-DAE036503281}
	EndGlobalSection
EndGlobal
