
Microsoft Visual Studio Solution File, Format Version 12.00
# Visual Studio Version 17
VisualStudioVersion = 17.3.32825.248
MinimumVisualStudioVersion = 10.0.40219.1
Project("{FAE04EC0-301F-11D3-BF4B-00C04F79EFBC}") = "using_block", "using_block\using_block.csproj", "{0F916C97-C4C1-4840-9938-6A32242A9E21}"
EndProject
Global
	GlobalSection(SolutionConfigurationPlatforms) = preSolution
		Debug|Any CPU = Debug|Any CPU
		Release|Any CPU = Release|Any CPU
	EndGlobalSection
	GlobalSection(ProjectConfigurationPlatforms) = postSolution
		{0F916C97-C4C1-4840-9938-6A32242A9E21}.Debug|Any CPU.ActiveCfg = Debug|Any CPU
		{0F916C97-C4C1-4840-9938-6A32242A9E21}.Debug|Any CPU.Build.0 = Debug|Any CPU
		{0F916C97-C4C1-4840-9938-6A32242A9E21}.Release|Any CPU.ActiveCfg = Release|Any CPU
		{0F916C97-C4C1-4840-9938-6A32242A9E21}.Release|Any CPU.Build.0 = Release|Any CPU
	EndGlobalSection
	GlobalSection(SolutionProperties) = preSolution
		HideSolutionNode = FALSE
	EndGlobalSection
	GlobalSection(ExtensibilityGlobals) = postSolution
		SolutionGuid = {C9CF1307-CD2E-4259-AB29-8EEB95727C57}
	EndGlobalSection
EndGlobal
