
Microsoft Visual Studio Solution File, Format Version 12.00
# Visual Studio Version 17
VisualStudioVersion = 17.3.32825.248
MinimumVisualStudioVersion = 10.0.40219.1
Project("{FAE04EC0-301F-11D3-BF4B-00C04F79EFBC}") = "Enumeracoes", "Enumeracoes\Enumeracoes.csproj", "{848BE4F6-FBEA-4B3D-AEC9-6A1D81054FFF}"
EndProject
Global
	GlobalSection(SolutionConfigurationPlatforms) = preSolution
		Debug|Any CPU = Debug|Any CPU
		Release|Any CPU = Release|Any CPU
	EndGlobalSection
	GlobalSection(ProjectConfigurationPlatforms) = postSolution
		{848BE4F6-FBEA-4B3D-AEC9-6A1D81054FFF}.Debug|Any CPU.ActiveCfg = Debug|Any CPU
		{848BE4F6-FBEA-4B3D-AEC9-6A1D81054FFF}.Debug|Any CPU.Build.0 = Debug|Any CPU
		{848BE4F6-FBEA-4B3D-AEC9-6A1D81054FFF}.Release|Any CPU.ActiveCfg = Release|Any CPU
		{848BE4F6-FBEA-4B3D-AEC9-6A1D81054FFF}.Release|Any CPU.Build.0 = Release|Any CPU
	EndGlobalSection
	GlobalSection(SolutionProperties) = preSolution
		HideSolutionNode = FALSE
	EndGlobalSection
	GlobalSection(ExtensibilityGlobals) = postSolution
		SolutionGuid = {C681E4FD-11D7-46FB-90FB-217ED2510033}
	EndGlobalSection
EndGlobal
