
Microsoft Visual Studio Solution File, Format Version 12.00
# Visual Studio Version 17
VisualStudioVersion = 17.3.32825.248
MinimumVisualStudioVersion = 10.0.40219.1
Project("{FAE04EC0-301F-11D3-BF4B-00C04F79EFBC}") = "Sexto Codigo", "Sexto Codigo\Sexto Codigo.csproj", "{6DD5164D-0447-41B4-A97D-1F68A521DE72}"
EndProject
Global
	GlobalSection(SolutionConfigurationPlatforms) = preSolution
		Debug|Any CPU = Debug|Any CPU
		Release|Any CPU = Release|Any CPU
	EndGlobalSection
	GlobalSection(ProjectConfigurationPlatforms) = postSolution
		{6DD5164D-0447-41B4-A97D-1F68A521DE72}.Debug|Any CPU.ActiveCfg = Debug|Any CPU
		{6DD5164D-0447-41B4-A97D-1F68A521DE72}.Debug|Any CPU.Build.0 = Debug|Any CPU
		{6DD5164D-0447-41B4-A97D-1F68A521DE72}.Release|Any CPU.ActiveCfg = Release|Any CPU
		{6DD5164D-0447-41B4-A97D-1F68A521DE72}.Release|Any CPU.Build.0 = Release|Any CPU
	EndGlobalSection
	GlobalSection(SolutionProperties) = preSolution
		HideSolutionNode = FALSE
	EndGlobalSection
	GlobalSection(ExtensibilityGlobals) = postSolution
		SolutionGuid = {0F8E53BB-76BC-46B2-8101-4DEA8720562A}
	EndGlobalSection
EndGlobal
