
Microsoft Visual Studio Solution File, Format Version 12.00
# Visual Studio Version 17
VisualStudioVersion = 17.3.32825.248
MinimumVisualStudioVersion = 10.0.40219.1
Project("{FAE04EC0-301F-11D3-BF4B-00C04F79EFBC}") = "Enum", "Enum\Enum.csproj", "{DE695E92-8006-4778-9761-5B0F8677BCAF}"
EndProject
Global
	GlobalSection(SolutionConfigurationPlatforms) = preSolution
		Debug|Any CPU = Debug|Any CPU
		Release|Any CPU = Release|Any CPU
	EndGlobalSection
	GlobalSection(ProjectConfigurationPlatforms) = postSolution
		{DE695E92-8006-4778-9761-5B0F8677BCAF}.Debug|Any CPU.ActiveCfg = Debug|Any CPU
		{DE695E92-8006-4778-9761-5B0F8677BCAF}.Debug|Any CPU.Build.0 = Debug|Any CPU
		{DE695E92-8006-4778-9761-5B0F8677BCAF}.Release|Any CPU.ActiveCfg = Release|Any CPU
		{DE695E92-8006-4778-9761-5B0F8677BCAF}.Release|Any CPU.Build.0 = Release|Any CPU
	EndGlobalSection
	GlobalSection(SolutionProperties) = preSolution
		HideSolutionNode = FALSE
	EndGlobalSection
	GlobalSection(ExtensibilityGlobals) = postSolution
		SolutionGuid = {76B7A132-6D8C-40AD-9314-21D848B7931A}
	EndGlobalSection
EndGlobal
