
Microsoft Visual Studio Solution File, Format Version 12.00
# Visual Studio Version 17
VisualStudioVersion = 17.3.32825.248
MinimumVisualStudioVersion = 10.0.40219.1
Project("{FAE04EC0-301F-11D3-BF4B-00C04F79EFBC}") = "Quinto Codigo", "Quinto Codigo\Quinto Codigo.csproj", "{EC2086C4-9340-4976-99C5-DC45A55991D8}"
EndProject
Global
	GlobalSection(SolutionConfigurationPlatforms) = preSolution
		Debug|Any CPU = Debug|Any CPU
		Release|Any CPU = Release|Any CPU
	EndGlobalSection
	GlobalSection(ProjectConfigurationPlatforms) = postSolution
		{EC2086C4-9340-4976-99C5-DC45A55991D8}.Debug|Any CPU.ActiveCfg = Debug|Any CPU
		{EC2086C4-9340-4976-99C5-DC45A55991D8}.Debug|Any CPU.Build.0 = Debug|Any CPU
		{EC2086C4-9340-4976-99C5-DC45A55991D8}.Release|Any CPU.ActiveCfg = Release|Any CPU
		{EC2086C4-9340-4976-99C5-DC45A55991D8}.Release|Any CPU.Build.0 = Release|Any CPU
	EndGlobalSection
	GlobalSection(SolutionProperties) = preSolution
		HideSolutionNode = FALSE
	EndGlobalSection
	GlobalSection(ExtensibilityGlobals) = postSolution
		SolutionGuid = {3C490395-EDEA-4791-B54F-8A738C5D4BB9}
	EndGlobalSection
EndGlobal
