
Microsoft Visual Studio Solution File, Format Version 12.00
# Visual Studio Version 17
VisualStudioVersion = 17.3.32825.248
MinimumVisualStudioVersion = 10.0.40219.1
Project("{FAE04EC0-301F-11D3-BF4B-00C04F79EFBC}") = "Setimo Codigo", "Setimo Codigo\Setimo Codigo.csproj", "{DFCB9614-BBBC-45D4-9C4E-C73AB6D973E4}"
EndProject
Global
	GlobalSection(SolutionConfigurationPlatforms) = preSolution
		Debug|Any CPU = Debug|Any CPU
		Release|Any CPU = Release|Any CPU
	EndGlobalSection
	GlobalSection(ProjectConfigurationPlatforms) = postSolution
		{DFCB9614-BBBC-45D4-9C4E-C73AB6D973E4}.Debug|Any CPU.ActiveCfg = Debug|Any CPU
		{DFCB9614-BBBC-45D4-9C4E-C73AB6D973E4}.Debug|Any CPU.Build.0 = Debug|Any CPU
		{DFCB9614-BBBC-45D4-9C4E-C73AB6D973E4}.Release|Any CPU.ActiveCfg = Release|Any CPU
		{DFCB9614-BBBC-45D4-9C4E-C73AB6D973E4}.Release|Any CPU.Build.0 = Release|Any CPU
	EndGlobalSection
	GlobalSection(SolutionProperties) = preSolution
		HideSolutionNode = FALSE
	EndGlobalSection
	GlobalSection(ExtensibilityGlobals) = postSolution
		SolutionGuid = {3747FB80-760D-4C3C-81C5-079B183C5BA2}
	EndGlobalSection
EndGlobal
