
Microsoft Visual Studio Solution File, Format Version 12.00
# Visual Studio Version 17
VisualStudioVersion = 17.3.32825.248
MinimumVisualStudioVersion = 10.0.40219.1
Project("{FAE04EC0-301F-11D3-BF4B-00C04F79EFBC}") = "Nono Codigo", "Nono Codigo\Nono Codigo.csproj", "{BCCCD44E-954F-4E11-AA35-33E304D08131}"
EndProject
Global
	GlobalSection(SolutionConfigurationPlatforms) = preSolution
		Debug|Any CPU = Debug|Any CPU
		Release|Any CPU = Release|Any CPU
	EndGlobalSection
	GlobalSection(ProjectConfigurationPlatforms) = postSolution
		{BCCCD44E-954F-4E11-AA35-33E304D08131}.Debug|Any CPU.ActiveCfg = Debug|Any CPU
		{BCCCD44E-954F-4E11-AA35-33E304D08131}.Debug|Any CPU.Build.0 = Debug|Any CPU
		{BCCCD44E-954F-4E11-AA35-33E304D08131}.Release|Any CPU.ActiveCfg = Release|Any CPU
		{BCCCD44E-954F-4E11-AA35-33E304D08131}.Release|Any CPU.Build.0 = Release|Any CPU
	EndGlobalSection
	GlobalSection(SolutionProperties) = preSolution
		HideSolutionNode = FALSE
	EndGlobalSection
	GlobalSection(ExtensibilityGlobals) = postSolution
		SolutionGuid = {0A500DA3-3C86-4D21-B64F-E62A9579B8A6}
	EndGlobalSection
EndGlobal
