
Microsoft Visual Studio Solution File, Format Version 12.00
# Visual Studio Version 17
VisualStudioVersion = 17.3.32825.248
MinimumVisualStudioVersion = 10.0.40219.1
Project("{FAE04EC0-301F-11D3-BF4B-00C04F79EFBC}") = "Action", "Action\Action.csproj", "{E3C6FC88-A814-4720-A2F7-FC832BE83DAE}"
EndProject
Global
	GlobalSection(SolutionConfigurationPlatforms) = preSolution
		Debug|Any CPU = Debug|Any CPU
		Release|Any CPU = Release|Any CPU
	EndGlobalSection
	GlobalSection(ProjectConfigurationPlatforms) = postSolution
		{E3C6FC88-A814-4720-A2F7-FC832BE83DAE}.Debug|Any CPU.ActiveCfg = Debug|Any CPU
		{E3C6FC88-A814-4720-A2F7-FC832BE83DAE}.Debug|Any CPU.Build.0 = Debug|Any CPU
		{E3C6FC88-A814-4720-A2F7-FC832BE83DAE}.Release|Any CPU.ActiveCfg = Release|Any CPU
		{E3C6FC88-A814-4720-A2F7-FC832BE83DAE}.Release|Any CPU.Build.0 = Release|Any CPU
	EndGlobalSection
	GlobalSection(SolutionProperties) = preSolution
		HideSolutionNode = FALSE
	EndGlobalSection
	GlobalSection(ExtensibilityGlobals) = postSolution
		SolutionGuid = {1B189704-6FE3-4442-B71B-ADE7D95D7229}
	EndGlobalSection
EndGlobal
