
Microsoft Visual Studio Solution File, Format Version 12.00
# Visual Studio Version 17
VisualStudioVersion = 17.3.32825.248
MinimumVisualStudioVersion = 10.0.40219.1
Project("{FAE04EC0-301F-11D3-BF4B-00C04F79EFBC}") = "Interfaces IComparable", "Interfaces IComparable\Interfaces IComparable.csproj", "{6B9AD7AB-BEE6-4BF6-B4C3-9D5E5F8FF95E}"
EndProject
Global
	GlobalSection(SolutionConfigurationPlatforms) = preSolution
		Debug|Any CPU = Debug|Any CPU
		Release|Any CPU = Release|Any CPU
	EndGlobalSection
	GlobalSection(ProjectConfigurationPlatforms) = postSolution
		{6B9AD7AB-BEE6-4BF6-B4C3-9D5E5F8FF95E}.Debug|Any CPU.ActiveCfg = Debug|Any CPU
		{6B9AD7AB-BEE6-4BF6-B4C3-9D5E5F8FF95E}.Debug|Any CPU.Build.0 = Debug|Any CPU
		{6B9AD7AB-BEE6-4BF6-B4C3-9D5E5F8FF95E}.Release|Any CPU.ActiveCfg = Release|Any CPU
		{6B9AD7AB-BEE6-4BF6-B4C3-9D5E5F8FF95E}.Release|Any CPU.Build.0 = Release|Any CPU
	EndGlobalSection
	GlobalSection(SolutionProperties) = preSolution
		HideSolutionNode = FALSE
	EndGlobalSection
	GlobalSection(ExtensibilityGlobals) = postSolution
		SolutionGuid = {38DFF777-B0D8-4AA8-9257-190579F1CB04}
	EndGlobalSection
EndGlobal
