
Microsoft Visual Studio Solution File, Format Version 12.00
# Visual Studio Version 17
VisualStudioVersion = 17.3.32825.248
MinimumVisualStudioVersion = 10.0.40219.1
Project("{FAE04EC0-301F-11D3-BF4B-00C04F79EFBC}") = "Func", "Func\Func.csproj", "{6E91FDB3-1564-4FD3-86FB-0BB4E2AD3FAE}"
EndProject
Global
	GlobalSection(SolutionConfigurationPlatforms) = preSolution
		Debug|Any CPU = Debug|Any CPU
		Release|Any CPU = Release|Any CPU
	EndGlobalSection
	GlobalSection(ProjectConfigurationPlatforms) = postSolution
		{6E91FDB3-1564-4FD3-86FB-0BB4E2AD3FAE}.Debug|Any CPU.ActiveCfg = Debug|Any CPU
		{6E91FDB3-1564-4FD3-86FB-0BB4E2AD3FAE}.Debug|Any CPU.Build.0 = Debug|Any CPU
		{6E91FDB3-1564-4FD3-86FB-0BB4E2AD3FAE}.Release|Any CPU.ActiveCfg = Release|Any CPU
		{6E91FDB3-1564-4FD3-86FB-0BB4E2AD3FAE}.Release|Any CPU.Build.0 = Release|Any CPU
	EndGlobalSection
	GlobalSection(SolutionProperties) = preSolution
		HideSolutionNode = FALSE
	EndGlobalSection
	GlobalSection(ExtensibilityGlobals) = postSolution
		SolutionGuid = {3A9C1A7F-EFD0-4A14-9570-6538DFB4466E}
	EndGlobalSection
EndGlobal
