
Microsoft Visual Studio Solution File, Format Version 12.00
# Visual Studio Version 17
VisualStudioVersion = 17.3.32825.248
MinimumVisualStudioVersion = 10.0.40219.1
Project("{FAE04EC0-301F-11D3-BF4B-00C04F79EFBC}") = "LinQ Lambda", "LinQ Lambda\LinQ Lambda.csproj", "{CE70EA79-8DCD-43F8-A623-4C6749436A49}"
EndProject
Global
	GlobalSection(SolutionConfigurationPlatforms) = preSolution
		Debug|Any CPU = Debug|Any CPU
		Release|Any CPU = Release|Any CPU
	EndGlobalSection
	GlobalSection(ProjectConfigurationPlatforms) = postSolution
		{CE70EA79-8DCD-43F8-A623-4C6749436A49}.Debug|Any CPU.ActiveCfg = Debug|Any CPU
		{CE70EA79-8DCD-43F8-A623-4C6749436A49}.Debug|Any CPU.Build.0 = Debug|Any CPU
		{CE70EA79-8DCD-43F8-A623-4C6749436A49}.Release|Any CPU.ActiveCfg = Release|Any CPU
		{CE70EA79-8DCD-43F8-A623-4C6749436A49}.Release|Any CPU.Build.0 = Release|Any CPU
	EndGlobalSection
	GlobalSection(SolutionProperties) = preSolution
		HideSolutionNode = FALSE
	EndGlobalSection
	GlobalSection(ExtensibilityGlobals) = postSolution
		SolutionGuid = {AE360BBC-0239-4EAB-B087-02DDF5CD35AF}
	EndGlobalSection
EndGlobal
