
Microsoft Visual Studio Solution File, Format Version 12.00
# Visual Studio Version 17
VisualStudioVersion = 17.3.32825.248
MinimumVisualStudioVersion = 10.0.40219.1
Project("{FAE04EC0-301F-11D3-BF4B-00C04F79EFBC}") = "GetHashCode e Equals", "GetHashCode e Equals\GetHashCode e Equals.csproj", "{601B640E-0294-4EE8-BAC3-189853D27254}"
EndProject
Global
	GlobalSection(SolutionConfigurationPlatforms) = preSolution
		Debug|Any CPU = Debug|Any CPU
		Release|Any CPU = Release|Any CPU
	EndGlobalSection
	GlobalSection(ProjectConfigurationPlatforms) = postSolution
		{601B640E-0294-4EE8-BAC3-189853D27254}.Debug|Any CPU.ActiveCfg = Debug|Any CPU
		{601B640E-0294-4EE8-BAC3-189853D27254}.Debug|Any CPU.Build.0 = Debug|Any CPU
		{601B640E-0294-4EE8-BAC3-189853D27254}.Release|Any CPU.ActiveCfg = Release|Any CPU
		{601B640E-0294-4EE8-BAC3-189853D27254}.Release|Any CPU.Build.0 = Release|Any CPU
	EndGlobalSection
	GlobalSection(SolutionProperties) = preSolution
		HideSolutionNode = FALSE
	EndGlobalSection
	GlobalSection(ExtensibilityGlobals) = postSolution
		SolutionGuid = {FC4760B8-A5E9-4748-A351-54111F8E8FA6}
	EndGlobalSection
EndGlobal
